
Microsoft Visual Studio Solution File, Format Version 12.00
# Visual Studio Version 17
VisualStudioVersion = 17.6.33712.159
MinimumVisualStudioVersion = 10.0.40219.1
Project("{FAE04EC0-301F-11D3-BF4B-00C04F79EFBC}") = "Kiseki.Launcher", "Kiseki.Launcher\Kiseki.Launcher.csproj", "{BE53015E-6EB9-42F7-BA80-887D0A5F9977}"
EndProject
Global
	GlobalSection(SolutionConfigurationPlatforms) = preSolution
		Debug|Any CPU = Debug|Any CPU
		Release|Any CPU = Release|Any CPU
	EndGlobalSection
	GlobalSection(ProjectConfigurationPlatforms) = postSolution
		{BE53015E-6EB9-42F7-BA80-887D0A5F9977}.Debug|Any CPU.ActiveCfg = Debug|Any CPU
		{BE53015E-6EB9-42F7-BA80-887D0A5F9977}.Debug|Any CPU.Build.0 = Debug|Any CPU
		{BE53015E-6EB9-42F7-BA80-887D0A5F9977}.Release|Any CPU.ActiveCfg = Release|Any CPU
		{BE53015E-6EB9-42F7-BA80-887D0A5F9977}.Release|Any CPU.Build.0 = Release|Any CPU
	EndGlobalSection
	GlobalSection(SolutionProperties) = preSolution
		HideSolutionNode = FALSE
	EndGlobalSection
	GlobalSection(ExtensibilityGlobals) = postSolution
		SolutionGuid = {E283B6E8-7F09-414D-AA9C-0725447DC36B}
	EndGlobalSection
EndGlobal
